
Microsoft Visual Studio Solution File, Format Version 12.00
# Visual Studio Version 17
VisualStudioVersion = 17.3.32929.385
MinimumVisualStudioVersion = 10.0.40219.1
Project("{9A19103F-16F7-4668-BE54-9A1E7A4F7556}") = "TestBackendCSharp.Api", "TestBackendCSharp\TestBackendCSharp.Api.csproj", "{26DEF349-3746-48E7-9BD6-07B7EB952CF2}"
EndProject
Project("{FAE04EC0-301F-11D3-BF4B-00C04F79EFBC}") = "TestBackendCSharp.Application", "TestBackendCSharp.Application\TestBackendCSharp.Application.csproj", "{2F282ECA-A967-4A60-9BA4-60C282BE7463}"
EndProject
Project("{FAE04EC0-301F-11D3-BF4B-00C04F79EFBC}") = "TestBackendCSharp.Business", "TestBackendCSharp.Business\TestBackendCSharp.Business.csproj", "{4E5057FB-8BB1-423C-BB48-5BE84DBAC4C5}"
EndProject
Project("{FAE04EC0-301F-11D3-BF4B-00C04F79EFBC}") = "TestBackendCSharp.Database", "TestBackendCSharp.Database\TestBackendCSharp.Database.csproj", "{A8C96899-4921-47AF-8414-D59F1F02F988}"
EndProject
Global
	GlobalSection(SolutionConfigurationPlatforms) = preSolution
		Debug|Any CPU = Debug|Any CPU
		Release|Any CPU = Release|Any CPU
	EndGlobalSection
	GlobalSection(ProjectConfigurationPlatforms) = postSolution
		{26DEF349-3746-48E7-9BD6-07B7EB952CF2}.Debug|Any CPU.ActiveCfg = Debug|Any CPU
		{26DEF349-3746-48E7-9BD6-07B7EB952CF2}.Debug|Any CPU.Build.0 = Debug|Any CPU
		{26DEF349-3746-48E7-9BD6-07B7EB952CF2}.Release|Any CPU.ActiveCfg = Release|Any CPU
		{26DEF349-3746-48E7-9BD6-07B7EB952CF2}.Release|Any CPU.Build.0 = Release|Any CPU
		{2F282ECA-A967-4A60-9BA4-60C282BE7463}.Debug|Any CPU.ActiveCfg = Debug|Any CPU
		{2F282ECA-A967-4A60-9BA4-60C282BE7463}.Debug|Any CPU.Build.0 = Debug|Any CPU
		{2F282ECA-A967-4A60-9BA4-60C282BE7463}.Release|Any CPU.ActiveCfg = Release|Any CPU
		{2F282ECA-A967-4A60-9BA4-60C282BE7463}.Release|Any CPU.Build.0 = Release|Any CPU
		{4E5057FB-8BB1-423C-BB48-5BE84DBAC4C5}.Debug|Any CPU.ActiveCfg = Debug|Any CPU
		{4E5057FB-8BB1-423C-BB48-5BE84DBAC4C5}.Debug|Any CPU.Build.0 = Debug|Any CPU
		{4E5057FB-8BB1-423C-BB48-5BE84DBAC4C5}.Release|Any CPU.ActiveCfg = Release|Any CPU
		{4E5057FB-8BB1-423C-BB48-5BE84DBAC4C5}.Release|Any CPU.Build.0 = Release|Any CPU
		{A8C96899-4921-47AF-8414-D59F1F02F988}.Debug|Any CPU.ActiveCfg = Debug|Any CPU
		{A8C96899-4921-47AF-8414-D59F1F02F988}.Debug|Any CPU.Build.0 = Debug|Any CPU
		{A8C96899-4921-47AF-8414-D59F1F02F988}.Release|Any CPU.ActiveCfg = Release|Any CPU
		{A8C96899-4921-47AF-8414-D59F1F02F988}.Release|Any CPU.Build.0 = Release|Any CPU
	EndGlobalSection
	GlobalSection(SolutionProperties) = preSolution
		HideSolutionNode = FALSE
	EndGlobalSection
	GlobalSection(ExtensibilityGlobals) = postSolution
		SolutionGuid = {12CE7C6E-D28C-4253-90A8-DCF4B1CA1D53}
	EndGlobalSection
EndGlobal
